
Microsoft Visual Studio Solution File, Format Version 12.00
# Visual Studio 2013
VisualStudioVersion = 12.0.40629.0
MinimumVisualStudioVersion = 10.0.40219.1
Project("{FAE04EC0-301F-11D3-BF4B-00C04F79EFBC}") = "Console_BirthDate_Zodiac", "Console_BirthDate_Zodiac\Console_BirthDate_Zodiac.csproj", "{F27A344B-81EC-4DD0-945D-E1F9341D2960}"
EndProject
Project("{FAE04EC0-301F-11D3-BF4B-00C04F79EFBC}") = "DateHandlerLibrary", "BirthDate_Validation\DateHandlerLibrary.csproj", "{6E4B0414-1066-4C10-A05A-F3935608E159}"
EndProject
Project("{FAE04EC0-301F-11D3-BF4B-00C04F79EFBC}") = "WPF_BirthDate_Zodiac", "WPF_BirthDate_Zodiac\WPF_BirthDate_Zodiac.csproj", "{39930FD5-FCD3-42D0-9AE6-927B31C6C222}"
EndProject
Global
	GlobalSection(SolutionConfigurationPlatforms) = preSolution
		Debug|Any CPU = Debug|Any CPU
		Release|Any CPU = Release|Any CPU
	EndGlobalSection
	GlobalSection(ProjectConfigurationPlatforms) = postSolution
		{F27A344B-81EC-4DD0-945D-E1F9341D2960}.Debug|Any CPU.ActiveCfg = Debug|Any CPU
		{F27A344B-81EC-4DD0-945D-E1F9341D2960}.Debug|Any CPU.Build.0 = Debug|Any CPU
		{F27A344B-81EC-4DD0-945D-E1F9341D2960}.Release|Any CPU.ActiveCfg = Release|Any CPU
		{F27A344B-81EC-4DD0-945D-E1F9341D2960}.Release|Any CPU.Build.0 = Release|Any CPU
		{6E4B0414-1066-4C10-A05A-F3935608E159}.Debug|Any CPU.ActiveCfg = Debug|Any CPU
		{6E4B0414-1066-4C10-A05A-F3935608E159}.Debug|Any CPU.Build.0 = Debug|Any CPU
		{6E4B0414-1066-4C10-A05A-F3935608E159}.Release|Any CPU.ActiveCfg = Release|Any CPU
		{6E4B0414-1066-4C10-A05A-F3935608E159}.Release|Any CPU.Build.0 = Release|Any CPU
		{39930FD5-FCD3-42D0-9AE6-927B31C6C222}.Debug|Any CPU.ActiveCfg = Debug|Any CPU
		{39930FD5-FCD3-42D0-9AE6-927B31C6C222}.Debug|Any CPU.Build.0 = Debug|Any CPU
		{39930FD5-FCD3-42D0-9AE6-927B31C6C222}.Release|Any CPU.ActiveCfg = Release|Any CPU
		{39930FD5-FCD3-42D0-9AE6-927B31C6C222}.Release|Any CPU.Build.0 = Release|Any CPU
	EndGlobalSection
	GlobalSection(SolutionProperties) = preSolution
		HideSolutionNode = FALSE
	EndGlobalSection
EndGlobal
