
Microsoft Visual Studio Solution File, Format Version 12.00
# Visual Studio 2013
VisualStudioVersion = 12.0.40629.0
MinimumVisualStudioVersion = 10.0.40219.1
Project("{FAE04EC0-301F-11D3-BF4B-00C04F79EFBC}") = "TaskZipper", "TaskZipper\TaskZipper.csproj", "{05B82B50-F84D-43EF-B886-1DC8E8C9817A}"
EndProject
Project("{FAE04EC0-301F-11D3-BF4B-00C04F79EFBC}") = "TaskUnzipper", "TaskUnzipper\TaskUnzipper.csproj", "{A052D9B2-6DAB-4A6C-82FA-5739B656A406}"
EndProject
Global
	GlobalSection(SolutionConfigurationPlatforms) = preSolution
		Debug|Any CPU = Debug|Any CPU
		Release|Any CPU = Release|Any CPU
	EndGlobalSection
	GlobalSection(ProjectConfigurationPlatforms) = postSolution
		{05B82B50-F84D-43EF-B886-1DC8E8C9817A}.Debug|Any CPU.ActiveCfg = Debug|Any CPU
		{05B82B50-F84D-43EF-B886-1DC8E8C9817A}.Debug|Any CPU.Build.0 = Debug|Any CPU
		{05B82B50-F84D-43EF-B886-1DC8E8C9817A}.Release|Any CPU.ActiveCfg = Release|Any CPU
		{05B82B50-F84D-43EF-B886-1DC8E8C9817A}.Release|Any CPU.Build.0 = Release|Any CPU
		{A052D9B2-6DAB-4A6C-82FA-5739B656A406}.Debug|Any CPU.ActiveCfg = Debug|Any CPU
		{A052D9B2-6DAB-4A6C-82FA-5739B656A406}.Debug|Any CPU.Build.0 = Debug|Any CPU
		{A052D9B2-6DAB-4A6C-82FA-5739B656A406}.Release|Any CPU.ActiveCfg = Release|Any CPU
		{A052D9B2-6DAB-4A6C-82FA-5739B656A406}.Release|Any CPU.Build.0 = Release|Any CPU
	EndGlobalSection
	GlobalSection(SolutionProperties) = preSolution
		HideSolutionNode = FALSE
	EndGlobalSection
EndGlobal
